
Microsoft Visual Studio Solution File, Format Version 12.00
# Visual Studio Version 17
VisualStudioVersion = 17.8.34511.84
MinimumVisualStudioVersion = 10.0.40219.1
Project("{FAE04EC0-301F-11D3-BF4B-00C04F79EFBC}") = "InheritanceChallenge2", "InheritanceChallenge2.csproj", "{A8EC06E5-B28A-49E9-ABB3-0BA659BA95CF}"
EndProject
Global
	GlobalSection(SolutionConfigurationPlatforms) = preSolution
		Debug|Any CPU = Debug|Any CPU
		Release|Any CPU = Release|Any CPU
	EndGlobalSection
	GlobalSection(ProjectConfigurationPlatforms) = postSolution
		{A8EC06E5-B28A-49E9-ABB3-0BA659BA95CF}.Debug|Any CPU.ActiveCfg = Debug|Any CPU
		{A8EC06E5-B28A-49E9-ABB3-0BA659BA95CF}.Debug|Any CPU.Build.0 = Debug|Any CPU
		{A8EC06E5-B28A-49E9-ABB3-0BA659BA95CF}.Release|Any CPU.ActiveCfg = Release|Any CPU
		{A8EC06E5-B28A-49E9-ABB3-0BA659BA95CF}.Release|Any CPU.Build.0 = Release|Any CPU
	EndGlobalSection
	GlobalSection(SolutionProperties) = preSolution
		HideSolutionNode = FALSE
	EndGlobalSection
	GlobalSection(ExtensibilityGlobals) = postSolution
		SolutionGuid = {56062A0A-B32C-46B7-BBF0-848D61D3984F}
	EndGlobalSection
EndGlobal
