
Microsoft Visual Studio Solution File, Format Version 12.00
# Visual Studio Version 17
VisualStudioVersion = 17.8.34511.84
MinimumVisualStudioVersion = 10.0.40219.1
Project("{FAE04EC0-301F-11D3-BF4B-00C04F79EFBC}") = "DelegatesPart1", "DelegatesPart1.csproj", "{BE5D6E33-AFCD-40C5-AF8E-2E4D9D54AAEE}"
EndProject
Global
	GlobalSection(SolutionConfigurationPlatforms) = preSolution
		Debug|Any CPU = Debug|Any CPU
		Release|Any CPU = Release|Any CPU
	EndGlobalSection
	GlobalSection(ProjectConfigurationPlatforms) = postSolution
		{BE5D6E33-AFCD-40C5-AF8E-2E4D9D54AAEE}.Debug|Any CPU.ActiveCfg = Debug|Any CPU
		{BE5D6E33-AFCD-40C5-AF8E-2E4D9D54AAEE}.Debug|Any CPU.Build.0 = Debug|Any CPU
		{BE5D6E33-AFCD-40C5-AF8E-2E4D9D54AAEE}.Release|Any CPU.ActiveCfg = Release|Any CPU
		{BE5D6E33-AFCD-40C5-AF8E-2E4D9D54AAEE}.Release|Any CPU.Build.0 = Release|Any CPU
	EndGlobalSection
	GlobalSection(SolutionProperties) = preSolution
		HideSolutionNode = FALSE
	EndGlobalSection
	GlobalSection(ExtensibilityGlobals) = postSolution
		SolutionGuid = {C7E292B6-41A0-4693-9822-0107B9C105F8}
	EndGlobalSection
EndGlobal
