
Microsoft Visual Studio Solution File, Format Version 12.00
# Visual Studio Version 17
VisualStudioVersion = 17.8.34511.84
MinimumVisualStudioVersion = 10.0.40219.1
Project("{FAE04EC0-301F-11D3-BF4B-00C04F79EFBC}") = "Dictionaries", "Dictionaries.csproj", "{75EC349E-B4B2-4774-843E-08A1B6F1D024}"
EndProject
Global
	GlobalSection(SolutionConfigurationPlatforms) = preSolution
		Debug|Any CPU = Debug|Any CPU
		Release|Any CPU = Release|Any CPU
	EndGlobalSection
	GlobalSection(ProjectConfigurationPlatforms) = postSolution
		{75EC349E-B4B2-4774-843E-08A1B6F1D024}.Debug|Any CPU.ActiveCfg = Debug|Any CPU
		{75EC349E-B4B2-4774-843E-08A1B6F1D024}.Debug|Any CPU.Build.0 = Debug|Any CPU
		{75EC349E-B4B2-4774-843E-08A1B6F1D024}.Release|Any CPU.ActiveCfg = Release|Any CPU
		{75EC349E-B4B2-4774-843E-08A1B6F1D024}.Release|Any CPU.Build.0 = Release|Any CPU
	EndGlobalSection
	GlobalSection(SolutionProperties) = preSolution
		HideSolutionNode = FALSE
	EndGlobalSection
	GlobalSection(ExtensibilityGlobals) = postSolution
		SolutionGuid = {DEB11C19-6039-43BF-8033-29575F9A845C}
	EndGlobalSection
EndGlobal
