
Microsoft Visual Studio Solution File, Format Version 12.00
# Visual Studio Version 17
VisualStudioVersion = 17.7.34031.279
MinimumVisualStudioVersion = 10.0.40219.1
Project("{FAE04EC0-301F-11D3-BF4B-00C04F79EFBC}") = "ForLoop", "ForLoop.csproj", "{C763E566-6BDB-4EC0-8F83-A38A8BE37503}"
EndProject
Global
	GlobalSection(SolutionConfigurationPlatforms) = preSolution
		Debug|Any CPU = Debug|Any CPU
		Release|Any CPU = Release|Any CPU
	EndGlobalSection
	GlobalSection(ProjectConfigurationPlatforms) = postSolution
		{C763E566-6BDB-4EC0-8F83-A38A8BE37503}.Debug|Any CPU.ActiveCfg = Debug|Any CPU
		{C763E566-6BDB-4EC0-8F83-A38A8BE37503}.Debug|Any CPU.Build.0 = Debug|Any CPU
		{C763E566-6BDB-4EC0-8F83-A38A8BE37503}.Release|Any CPU.ActiveCfg = Release|Any CPU
		{C763E566-6BDB-4EC0-8F83-A38A8BE37503}.Release|Any CPU.Build.0 = Release|Any CPU
	EndGlobalSection
	GlobalSection(SolutionProperties) = preSolution
		HideSolutionNode = FALSE
	EndGlobalSection
	GlobalSection(ExtensibilityGlobals) = postSolution
		SolutionGuid = {D05D2FAC-3D38-4333-8600-A06D6564ABBE}
	EndGlobalSection
EndGlobal
