
Microsoft Visual Studio Solution File, Format Version 12.00
# Visual Studio Version 17
VisualStudioVersion = 17.8.34511.84
MinimumVisualStudioVersion = 10.0.40219.1
Project("{FAE04EC0-301F-11D3-BF4B-00C04F79EFBC}") = "InterfacesDemo", "InterfacesDemo.csproj", "{62F9D118-755F-49AE-A6BD-8F336DF32BE0}"
EndProject
Global
	GlobalSection(SolutionConfigurationPlatforms) = preSolution
		Debug|Any CPU = Debug|Any CPU
		Release|Any CPU = Release|Any CPU
	EndGlobalSection
	GlobalSection(ProjectConfigurationPlatforms) = postSolution
		{62F9D118-755F-49AE-A6BD-8F336DF32BE0}.Debug|Any CPU.ActiveCfg = Debug|Any CPU
		{62F9D118-755F-49AE-A6BD-8F336DF32BE0}.Debug|Any CPU.Build.0 = Debug|Any CPU
		{62F9D118-755F-49AE-A6BD-8F336DF32BE0}.Release|Any CPU.ActiveCfg = Release|Any CPU
		{62F9D118-755F-49AE-A6BD-8F336DF32BE0}.Release|Any CPU.Build.0 = Release|Any CPU
	EndGlobalSection
	GlobalSection(SolutionProperties) = preSolution
		HideSolutionNode = FALSE
	EndGlobalSection
	GlobalSection(ExtensibilityGlobals) = postSolution
		SolutionGuid = {03D3C413-2B6F-460F-A8CA-878464634718}
	EndGlobalSection
EndGlobal
