
Microsoft Visual Studio Solution File, Format Version 12.00
# Visual Studio Version 17
VisualStudioVersion = 17.8.34511.84
MinimumVisualStudioVersion = 10.0.40219.1
Project("{FAE04EC0-301F-11D3-BF4B-00C04F79EFBC}") = "WpfDemo", "WpfDemo.csproj", "{A9D6815B-1504-4BE5-A160-6B563F184C27}"
EndProject
Global
	GlobalSection(SolutionConfigurationPlatforms) = preSolution
		Debug|Any CPU = Debug|Any CPU
		Release|Any CPU = Release|Any CPU
	EndGlobalSection
	GlobalSection(ProjectConfigurationPlatforms) = postSolution
		{A9D6815B-1504-4BE5-A160-6B563F184C27}.Debug|Any CPU.ActiveCfg = Debug|Any CPU
		{A9D6815B-1504-4BE5-A160-6B563F184C27}.Debug|Any CPU.Build.0 = Debug|Any CPU
		{A9D6815B-1504-4BE5-A160-6B563F184C27}.Release|Any CPU.ActiveCfg = Release|Any CPU
		{A9D6815B-1504-4BE5-A160-6B563F184C27}.Release|Any CPU.Build.0 = Release|Any CPU
	EndGlobalSection
	GlobalSection(SolutionProperties) = preSolution
		HideSolutionNode = FALSE
	EndGlobalSection
	GlobalSection(ExtensibilityGlobals) = postSolution
		SolutionGuid = {3CA68165-4A52-4A15-B7B6-A1EAD9DFC1D9}
	EndGlobalSection
EndGlobal
