
Microsoft Visual Studio Solution File, Format Version 12.00
# Visual Studio Version 17
VisualStudioVersion = 17.7.34031.279
MinimumVisualStudioVersion = 10.0.40219.1
Project("{FAE04EC0-301F-11D3-BF4B-00C04F79EFBC}") = "LoginSystem", "LoginSystem.csproj", "{4AE2BCF0-CFD5-4696-97C1-CEDA74BDF059}"
EndProject
Global
	GlobalSection(SolutionConfigurationPlatforms) = preSolution
		Debug|Any CPU = Debug|Any CPU
		Release|Any CPU = Release|Any CPU
	EndGlobalSection
	GlobalSection(ProjectConfigurationPlatforms) = postSolution
		{4AE2BCF0-CFD5-4696-97C1-CEDA74BDF059}.Debug|Any CPU.ActiveCfg = Debug|Any CPU
		{4AE2BCF0-CFD5-4696-97C1-CEDA74BDF059}.Debug|Any CPU.Build.0 = Debug|Any CPU
		{4AE2BCF0-CFD5-4696-97C1-CEDA74BDF059}.Release|Any CPU.ActiveCfg = Release|Any CPU
		{4AE2BCF0-CFD5-4696-97C1-CEDA74BDF059}.Release|Any CPU.Build.0 = Release|Any CPU
	EndGlobalSection
	GlobalSection(SolutionProperties) = preSolution
		HideSolutionNode = FALSE
	EndGlobalSection
	GlobalSection(ExtensibilityGlobals) = postSolution
		SolutionGuid = {18888F3A-4AE4-4EDE-80A3-EF1C0204F567}
	EndGlobalSection
EndGlobal
