
Microsoft Visual Studio Solution File, Format Version 12.00
# Visual Studio Version 17
VisualStudioVersion = 17.7.34031.279
MinimumVisualStudioVersion = 10.0.40219.1
Project("{FAE04EC0-301F-11D3-BF4B-00C04F79EFBC}") = "DoWhileLoop", "DoWhileLoop.csproj", "{43DB25C7-3596-4FC8-9B91-E3823F2D7D87}"
EndProject
Global
	GlobalSection(SolutionConfigurationPlatforms) = preSolution
		Debug|Any CPU = Debug|Any CPU
		Release|Any CPU = Release|Any CPU
	EndGlobalSection
	GlobalSection(ProjectConfigurationPlatforms) = postSolution
		{43DB25C7-3596-4FC8-9B91-E3823F2D7D87}.Debug|Any CPU.ActiveCfg = Debug|Any CPU
		{43DB25C7-3596-4FC8-9B91-E3823F2D7D87}.Debug|Any CPU.Build.0 = Debug|Any CPU
		{43DB25C7-3596-4FC8-9B91-E3823F2D7D87}.Release|Any CPU.ActiveCfg = Release|Any CPU
		{43DB25C7-3596-4FC8-9B91-E3823F2D7D87}.Release|Any CPU.Build.0 = Release|Any CPU
	EndGlobalSection
	GlobalSection(SolutionProperties) = preSolution
		HideSolutionNode = FALSE
	EndGlobalSection
	GlobalSection(ExtensibilityGlobals) = postSolution
		SolutionGuid = {222BC5F5-DA20-4563-9F01-746BBB50789C}
	EndGlobalSection
EndGlobal
