
Microsoft Visual Studio Solution File, Format Version 12.00
# Visual Studio Version 17
VisualStudioVersion = 17.8.34511.84
MinimumVisualStudioVersion = 10.0.40219.1
Project("{FAE04EC0-301F-11D3-BF4B-00C04F79EFBC}") = "IEnumerable3", "IEnumerable3.csproj", "{C202FD62-11D0-4AF8-A503-21EF5BEC927C}"
EndProject
Global
	GlobalSection(SolutionConfigurationPlatforms) = preSolution
		Debug|Any CPU = Debug|Any CPU
		Release|Any CPU = Release|Any CPU
	EndGlobalSection
	GlobalSection(ProjectConfigurationPlatforms) = postSolution
		{C202FD62-11D0-4AF8-A503-21EF5BEC927C}.Debug|Any CPU.ActiveCfg = Debug|Any CPU
		{C202FD62-11D0-4AF8-A503-21EF5BEC927C}.Debug|Any CPU.Build.0 = Debug|Any CPU
		{C202FD62-11D0-4AF8-A503-21EF5BEC927C}.Release|Any CPU.ActiveCfg = Release|Any CPU
		{C202FD62-11D0-4AF8-A503-21EF5BEC927C}.Release|Any CPU.Build.0 = Release|Any CPU
	EndGlobalSection
	GlobalSection(SolutionProperties) = preSolution
		HideSolutionNode = FALSE
	EndGlobalSection
	GlobalSection(ExtensibilityGlobals) = postSolution
		SolutionGuid = {76D088FF-5654-4120-8EF9-CCF365340DE4}
	EndGlobalSection
EndGlobal
